
Microsoft Visual Studio Solution File, Format Version 12.00
# Visual Studio Version 17
VisualStudioVersion = 17.14.36717.8 d17.14
MinimumVisualStudioVersion = 10.0.40219.1
Project("{FAE04EC0-301F-11D3-BF4B-00C04F79EFBC}") = "BibliotecaAPI", "BibliotecaAPI\BibliotecaAPI.csproj", "{3727FB4E-E240-41CD-9747-3DBF289D523A}"
EndProject
Global
	GlobalSection(SolutionConfigurationPlatforms) = preSolution
		Debug|Any CPU = Debug|Any CPU
		Release|Any CPU = Release|Any CPU
	EndGlobalSection
	GlobalSection(ProjectConfigurationPlatforms) = postSolution
		{3727FB4E-E240-41CD-9747-3DBF289D523A}.Debug|Any CPU.ActiveCfg = Debug|Any CPU
		{3727FB4E-E240-41CD-9747-3DBF289D523A}.Debug|Any CPU.Build.0 = Debug|Any CPU
		{3727FB4E-E240-41CD-9747-3DBF289D523A}.Release|Any CPU.ActiveCfg = Release|Any CPU
		{3727FB4E-E240-41CD-9747-3DBF289D523A}.Release|Any CPU.Build.0 = Release|Any CPU
	EndGlobalSection
	GlobalSection(SolutionProperties) = preSolution
		HideSolutionNode = FALSE
	EndGlobalSection
	GlobalSection(ExtensibilityGlobals) = postSolution
		SolutionGuid = {9D534809-08E5-48D6-B525-CEF36609709C}
	EndGlobalSection
EndGlobal
